{
  "originHash" : "827a06c07d86ca96ac90cb093a5dc3db67eee24b081b8bf56ced9633cd0fa425",
  "pins" : [
    {
      "identity" : "grape",
      "kind" : "remoteSourceControl",
      "location" : "https://github.com/swiftgraphs/Grape",
      "state" : {
        "revision" : "48eb7d8ab4ce549c6cdde106b5f7fa317421364c",
        "version" : "1.1.0"
      }
    },
    {
      "identity" : "yams",
      "kind" : "remoteSourceControl",
      "location" : "https://github.com/jpsim/Yams",
      "state" : {
        "revision" : "3d6871d5b4a5cd519adf233fbb576e0a2af71c17",
        "version" : "5.4.0"
      }
    }
  ],
  "version" : 3
}
